// !$*UTF8*$!
{
	archiveVersion = 1;
	classes = {
	};
	objectVersion = 56;
	objects = {

/* Begin PBXBuildFile section */
		86D1FE2E2C640C0C0021DACB /* CoreLibrary.docc in Sources */ = {isa = PBXBuildFile; fileRef = 86D1FE2D2C640C0C0021DACB /* CoreLibrary.docc */; };
		86D1FE342C640C0C0021DACB /* CoreLibrary.framework in Frameworks */ = {isa = PBXBuildFile; fileRef = 86D1FE292C640C0C0021DACB /* CoreLibrary.framework */; };
		86D1FE392C640C0C0021DACB /* CoreLibraryTests.swift in Sources */ = {isa = PBXBuildFile; fileRef = 86D1FE382C640C0C0021DACB /* CoreLibraryTests.swift */; };
		86D1FE3A2C640C0C0021DACB /* CoreLibrary.h in Headers */ = {isa = PBXBuildFile; fileRef = 86D1FE2C2C640C0C0021DACB /* CoreLibrary.h */; settings = {ATTRIBUTES = (Public, ); }; };
/* End PBXBuildFile section */

/* Begin PBXContainerItemProxy section */
		86D1FE352C640C0C0021DACB /* PBXContainerItemProxy */ = {
			isa = PBXContainerItemProxy;
			containerPortal = 86D1FE202C640C0C0021DACB /* Project object */;
			proxyType = 1;
			remoteGlobalIDString = 86D1FE282C640C0C0021DACB;
			remoteInfo = CoreLibrary;
		};
/* End PBXContainerItemProxy section */

/* Begin PBXFileReference section */
		86D1FE292C640C0C0021DACB /* CoreLibrary.framework */ = {isa = PBXFileReference; explicitFileType = wrapper.framework; includeInIndex = 0; path = CoreLibrary.framework; sourceTree = BUILT_PRODUCTS_DIR; };
		86D1FE2C2C640C0C0021DACB /* CoreLibrary.h */ = {isa = PBXFileReference; lastKnownFileType = sourcecode.c.h; path = CoreLibrary.h; sourceTree = "<group>"; };
		86D1FE2D2C640C0C0021DACB /* CoreLibrary.docc */ = {isa = PBXFileReference; lastKnownFileType = folder.documentationcatalog; path = CoreLibrary.docc; sourceTree = "<group>"; };
		86D1FE332C640C0C0021DACB /* CoreLibraryTests.xctest */ = {isa = PBXFileReference; explicitFileType = wrapper.cfbundle; includeInIndex = 0; path = CoreLibraryTests.xctest; sourceTree = BUILT_PRODUCTS_DIR; };
		86D1FE382C640C0C0021DACB /* CoreLibraryTests.swift */ = {isa = PBXFileReference; lastKnownFileType = sourcecode.swift; path = CoreLibraryTests.swift; sourceTree = "<group>"; };
/* End PBXFileReference section */

/* Begin PBXFrameworksBuildPhase section */
		86D1FE262C640C0C0021DACB /* Frameworks */ = {
			isa = PBXFrameworksBuildPhase;
			buildActionMask = 2147483647;
			files = (
			);
			runOnlyForDeploymentPostprocessing = 0;
		};
		86D1FE302C640C0C0021DACB /* Frameworks */ = {
			isa = PBXFrameworksBuildPhase;
			buildActionMask = 2147483647;
			files = (
				86D1FE342C640C0C0021DACB /* CoreLibrary.framework in Frameworks */,
			);
			runOnlyForDeploymentPostprocessing = 0;
		};
/* End PBXFrameworksBuildPhase section */

/* Begin PBXGroup section */
		86D1FE1F2C640C0C0021DACB = {
			isa = PBXGroup;
			children = (
				86D1FE2B2C640C0C0021DACB /* CoreLibrary */,
				86D1FE372C640C0C0021DACB /* CoreLibraryTests */,
				86D1FE2A2C640C0C0021DACB /* Products */,
			);
			sourceTree = "<group>";
		};
		86D1FE2A2C640C0C0021DACB /* Products */ = {
			isa = PBXGroup;
			children = (
				86D1FE292C640C0C0021DACB /* CoreLibrary.framework */,
				86D1FE332C640C0C0021DACB /* CoreLibraryTests.xctest */,
			);
			name = Products;
			sourceTree = "<group>";
		};
		86D1FE2B2C640C0C0021DACB /* CoreLibrary */ = {
			isa = PBXGroup;
			children = (
				86D1FE2C2C640C0C0021DACB /* CoreLibrary.h */,
				86D1FE2D2C640C0C0021DACB /* CoreLibrary.docc */,
			);
			path = CoreLibrary;
			sourceTree = "<group>";
		};
		86D1FE372C640C0C0021DACB /* CoreLibraryTests */ = {
			isa = PBXGroup;
			children = (
				86D1FE382C640C0C0021DACB /* CoreLibraryTests.swift */,
			);
			path = CoreLibraryTests;
			sourceTree = "<group>";
		};
/* End PBXGroup section */

/* Begin PBXHeadersBuildPhase section */
		86D1FE242C640C0C0021DACB /* Headers */ = {
			isa = PBXHeadersBuildPhase;
			buildActionMask = 2147483647;
			files = (
				86D1FE3A2C640C0C0021DACB /* CoreLibrary.h in Headers */,
			);
			runOnlyForDeploymentPostprocessing = 0;
		};
/* End PBXHeadersBuildPhase section */

/* Begin PBXNativeTarget section */
		86D1FE282C640C0C0021DACB /* CoreLibrary */ = {
			isa = PBXNativeTarget;
			buildConfigurationList = 86D1FE3D2C640C0C0021DACB /* Build configuration list for PBXNativeTarget "CoreLibrary" */;
			buildPhases = (
				86D1FE242C640C0C0021DACB /* Headers */,
				86D1FE252C640C0C0021DACB /* Sources */,
				86D1FE262C640C0C0021DACB /* Frameworks */,
				86D1FE272C640C0C0021DACB /* Resources */,
			);
			buildRules = (
			);
			dependencies = (
			);
			name = CoreLibrary;
			productName = CoreLibrary;
			productReference = 86D1FE292C640C0C0021DACB /* CoreLibrary.framework */;
			productType = "com.apple.product-type.framework";
		};
		86D1FE322C640C0C0021DACB /* CoreLibraryTests */ = {
			isa = PBXNativeTarget;
			buildConfigurationList = 86D1FE402C640C0C0021DACB /* Build configuration list for PBXNativeTarget "CoreLibraryTests" */;
			buildPhases = (
				86D1FE2F2C640C0C0021DACB /* Sources */,
				86D1FE302C640C0C0021DACB /* Frameworks */,
				86D1FE312C640C0C0021DACB /* Resources */,
			);
			buildRules = (
			);
			dependencies = (
				86D1FE362C640C0C0021DACB /* PBXTargetDependency */,
			);
			name = CoreLibraryTests;
			productName = CoreLibraryTests;
			productReference = 86D1FE332C640C0C0021DACB /* CoreLibraryTests.xctest */;
			productType = "com.apple.product-type.bundle.unit-test";
		};
/* End PBXNativeTarget section */

/* Begin PBXProject section */
		86D1FE202C640C0C0021DACB /* Project object */ = {
			isa = PBXProject;
			attributes = {
				BuildIndependentTargetsInParallel = 1;
				LastSwiftUpdateCheck = 1530;
				LastUpgradeCheck = 1530;
				TargetAttributes = {
					86D1FE282C640C0C0021DACB = {
						CreatedOnToolsVersion = 15.3;
					};
					86D1FE322C640C0C0021DACB = {
						CreatedOnToolsVersion = 15.3;
					};
				};
			};
			buildConfigurationList = 86D1FE232C640C0C0021DACB /* Build configuration list for PBXProject "CoreLibrary" */;
			compatibilityVersion = "Xcode 14.0";
			developmentRegion = en;
			hasScannedForEncodings = 0;
			knownRegions = (
				en,
				Base,
			);
			mainGroup = 86D1FE1F2C640C0C0021DACB;
			productRefGroup = 86D1FE2A2C640C0C0021DACB /* Products */;
			projectDirPath = "";
			projectRoot = "";
			targets = (
				86D1FE282C640C0C0021DACB /* CoreLibrary */,
				86D1FE322C640C0C0021DACB /* CoreLibraryTests */,
			);
		};
/* End PBXProject section */

/* Begin PBXResourcesBuildPhase section */
		86D1FE272C640C0C0021DACB /* Resources */ = {
			isa = PBXResourcesBuildPhase;
			buildActionMask = 2147483647;
			files = (
			);
			runOnlyForDeploymentPostprocessing = 0;
		};
		86D1FE312C640C0C0021DACB /* Resources */ = {
			isa = PBXResourcesBuildPhase;
			buildActionMask = 2147483647;
			files = (
			);
			runOnlyForDeploymentPostprocessing = 0;
		};
/* End PBXResourcesBuildPhase section */

/* Begin PBXSourcesBuildPhase section */
		86D1FE252C640C0C0021DACB /* Sources */ = {
			isa = PBXSourcesBuildPhase;
			buildActionMask = 2147483647;
			files = (
				86D1FE2E2C640C0C0021DACB /* CoreLibrary.docc in Sources */,
			);
			runOnlyForDeploymentPostprocessing = 0;
		};
		86D1FE2F2C640C0C0021DACB /* Sources */ = {
			isa = PBXSourcesBuildPhase;
			buildActionMask = 2147483647;
			files = (
				86D1FE392C640C0C0021DACB /* CoreLibraryTests.swift in Sources */,
			);
			runOnlyForDeploymentPostprocessing = 0;
		};
/* End PBXSourcesBuildPhase section */

/* Begin PBXTargetDependency section */
		86D1FE362C640C0C0021DACB /* PBXTargetDependency */ = {
			isa = PBXTargetDependency;
			target = 86D1FE282C640C0C0021DACB /* CoreLibrary */;
			targetProxy = 86D1FE352C640C0C0021DACB /* PBXContainerItemProxy */;
		};
/* End PBXTargetDependency section */

/* Begin XCBuildConfiguration section */
		86D1FE3B2C640C0C0021DACB /* Debug */ = {
			isa = XCBuildConfiguration;
			buildSettings = {
				ALWAYS_SEARCH_USER_PATHS = NO;
				ASSETCATALOG_COMPILER_GENERATE_SWIFT_ASSET_SYMBOL_EXTENSIONS = YES;
				CLANG_ANALYZER_NONNULL = YES;
				CLANG_ANALYZER_NUMBER_OBJECT_CONVERSION = YES_AGGRESSIVE;
				CLANG_CXX_LANGUAGE_STANDARD = "gnu++20";
				CLANG_ENABLE_MODULES = YES;
				CLANG_ENABLE_OBJC_ARC = YES;
				CLANG_ENABLE_OBJC_WEAK = YES;
				CLANG_WARN_BLOCK_CAPTURE_AUTORELEASING = YES;
				CLANG_WARN_BOOL_CONVERSION = YES;
				CLANG_WARN_COMMA = YES;
				CLANG_WARN_CONSTANT_CONVERSION = YES;
				CLANG_WARN_DEPRECATED_OBJC_IMPLEMENTATIONS = YES;
				CLANG_WARN_DIRECT_OBJC_ISA_USAGE = YES_ERROR;
				CLANG_WARN_DOCUMENTATION_COMMENTS = YES;
				CLANG_WARN_EMPTY_BODY = YES;
				CLANG_WARN_ENUM_CONVERSION = YES;
				CLANG_WARN_INFINITE_RECURSION = YES;
				CLANG_WARN_INT_CONVERSION = YES;
				CLANG_WARN_NON_LITERAL_NULL_CONVERSION = YES;
				CLANG_WARN_OBJC_IMPLICIT_RETAIN_SELF = YES;
				CLANG_WARN_OBJC_LITERAL_CONVERSION = YES;
				CLANG_WARN_OBJC_ROOT_CLASS = YES_ERROR;
				CLANG_WARN_QUOTED_INCLUDE_IN_FRAMEWORK_HEADER = YES;
				CLANG_WARN_RANGE_LOOP_ANALYSIS = YES;
				CLANG_WARN_STRICT_PROTOTYPES = YES;
				CLANG_WARN_SUSPICIOUS_MOVE = YES;
				CLANG_WARN_UNGUARDED_AVAILABILITY = YES_AGGRESSIVE;
				CLANG_WARN_UNREACHABLE_CODE = YES;
				CLANG_WARN__DUPLICATE_METHOD_MATCH = YES;
				COPY_PHASE_STRIP = NO;
				CURRENT_PROJECT_VERSION = 1;
				DEBUG_INFORMATION_FORMAT = dwarf;
				ENABLE_STRICT_OBJC_MSGSEND = YES;
				ENABLE_TESTABILITY = YES;
				ENABLE_USER_SCRIPT_SANDBOXING = YES;
				GCC_C_LANGUAGE_STANDARD = gnu17;
				GCC_DYNAMIC_NO_PIC = NO;
				GCC_NO_COMMON_BLOCKS = YES;
				GCC_OPTIMIZATION_LEVEL = 0;
				GCC_PREPROCESSOR_DEFINITIONS = (
					"DEBUG=1",
					"$(inherited)",
				);
				GCC_WARN_64_TO_32_BIT_CONVERSION = YES;
				GCC_WARN_ABOUT_RETURN_TYPE = YES_ERROR;
				GCC_WARN_UNDECLARED_SELECTOR = YES;
				GCC_WARN_UNINITIALIZED_AUTOS = YES_AGGRESSIVE;
				GCC_WARN_UNUSED_FUNCTION = YES;
				GCC_WARN_UNUSED_VARIABLE = YES;
				IPHONEOS_DEPLOYMENT_TARGET = 17.4;
				LOCALIZATION_PREFERS_STRING_CATALOGS = YES;
				MTL_ENABLE_DEBUG_INFO = INCLUDE_SOURCE;
				MTL_FAST_MATH = YES;
				ONLY_ACTIVE_ARCH = YES;
				SDKROOT = iphoneos;
				SWIFT_ACTIVE_COMPILATION_CONDITIONS = "DEBUG $(inherited)";
				SWIFT_OPTIMIZATION_LEVEL = "-Onone";
				VERSIONING_SYSTEM = "apple-generic";
				VERSION_INFO_PREFIX = "";
			};
			name = Debug;
		};
		86D1FE3C2C640C0C0021DACB /* Release */ = {
			isa = XCBuildConfiguration;
			buildSettings = {
				ALWAYS_SEARCH_USER_PATHS = NO;
				ASSETCATALOG_COMPILER_GENERATE_SWIFT_ASSET_SYMBOL_EXTENSIONS = YES;
				CLANG_ANALYZER_NONNULL = YES;
				CLANG_ANALYZER_NUMBER_OBJECT_CONVERSION = YES_AGGRESSIVE;
				CLANG_CXX_LANGUAGE_STANDARD = "gnu++20";
				CLANG_ENABLE_MODULES = YES;
				CLANG_ENABLE_OBJC_ARC = YES;
				CLANG_ENABLE_OBJC_WEAK = YES;
				CLANG_WARN_BLOCK_CAPTURE_AUTORELEASING = YES;
				CLANG_WARN_BOOL_CONVERSION = YES;
				CLANG_WARN_COMMA = YES;
				CLANG_WARN_CONSTANT_CONVERSION = YES;
				CLANG_WARN_DEPRECATED_OBJC_IMPLEMENTATIONS = YES;
				CLANG_WARN_DIRECT_OBJC_ISA_USAGE = YES_ERROR;
				CLANG_WARN_DOCUMENTATION_COMMENTS = YES;
				CLANG_WARN_EMPTY_BODY = YES;
				CLANG_WARN_ENUM_CONVERSION = YES;
				CLANG_WARN_INFINITE_RECURSION = YES;
				CLANG_WARN_INT_CONVERSION = YES;
				CLANG_WARN_NON_LITERAL_NULL_CONVERSION = YES;
				CLANG_WARN_OBJC_IMPLICIT_RETAIN_SELF = YES;
				CLANG_WARN_OBJC_LITERAL_CONVERSION = YES;
				CLANG_WARN_OBJC_ROOT_CLASS = YES_ERROR;
				CLANG_WARN_QUOTED_INCLUDE_IN_FRAMEWORK_HEADER = YES;
				CLANG_WARN_RANGE_LOOP_ANALYSIS = YES;
				CLANG_WARN_STRICT_PROTOTYPES = YES;
				CLANG_WARN_SUSPICIOUS_MOVE = YES;
				CLANG_WARN_UNGUARDED_AVAILABILITY = YES_AGGRESSIVE;
				CLANG_WARN_UNREACHABLE_CODE = YES;
				CLANG_WARN__DUPLICATE_METHOD_MATCH = YES;
				COPY_PHASE_STRIP = NO;
				CURRENT_PROJECT_VERSION = 1;
				DEBUG_INFORMATION_FORMAT = "dwarf-with-dsym";
				ENABLE_NS_ASSERTIONS = NO;
				ENABLE_STRICT_OBJC_MSGSEND = YES;
				ENABLE_USER_SCRIPT_SANDBOXING = YES;
				GCC_C_LANGUAGE_STANDARD = gnu17;
				GCC_NO_COMMON_BLOCKS = YES;
				GCC_WARN_64_TO_32_BIT_CONVERSION = YES;
				GCC_WARN_ABOUT_RETURN_TYPE = YES_ERROR;
				GCC_WARN_UNDECLARED_SELECTOR = YES;
				GCC_WARN_UNINITIALIZED_AUTOS = YES_AGGRESSIVE;
				GCC_WARN_UNUSED_FUNCTION = YES;
				GCC_WARN_UNUSED_VARIABLE = YES;
				IPHONEOS_DEPLOYMENT_TARGET = 17.4;
				LOCALIZATION_PREFERS_STRING_CATALOGS = YES;
				MTL_ENABLE_DEBUG_INFO = NO;
				MTL_FAST_MATH = YES;
				SDKROOT = iphoneos;
				SWIFT_COMPILATION_MODE = wholemodule;
				VALIDATE_PRODUCT = YES;
				VERSIONING_SYSTEM = "apple-generic";
				VERSION_INFO_PREFIX = "";
			};
			name = Release;
		};
		86D1FE3E2C640C0C0021DACB /* Debug */ = {
			isa = XCBuildConfiguration;
			buildSettings = {
				BUILD_LIBRARY_FOR_DISTRIBUTION = YES;
				CODE_SIGN_STYLE = Automatic;
				CURRENT_PROJECT_VERSION = 1;
				DEFINES_MODULE = YES;
				DEVELOPMENT_TEAM = NJPBMLUKW5;
				DYLIB_COMPATIBILITY_VERSION = 1;
				DYLIB_CURRENT_VERSION = 1;
				DYLIB_INSTALL_NAME_BASE = "@rpath";
				ENABLE_MODULE_VERIFIER = YES;
				GENERATE_INFOPLIST_FILE = YES;
				INFOPLIST_KEY_NSHumanReadableCopyright = "";
				INSTALL_PATH = "$(LOCAL_LIBRARY_DIR)/Frameworks";
				LD_RUNPATH_SEARCH_PATHS = (
					"$(inherited)",
					"@executable_path/Frameworks",
					"@loader_path/Frameworks",
				);
				MARKETING_VERSION = 1.0;
				MODULE_VERIFIER_SUPPORTED_LANGUAGES = "objective-c objective-c++";
				MODULE_VERIFIER_SUPPORTED_LANGUAGE_STANDARDS = "gnu17 gnu++20";
				PRODUCT_BUNDLE_IDENTIFIER = com.sachin.CoreLibrary;
				PRODUCT_NAME = "$(TARGET_NAME:c99extidentifier)";
				SKIP_INSTALL = YES;
				SWIFT_EMIT_LOC_STRINGS = YES;
				SWIFT_INSTALL_OBJC_HEADER = NO;
				SWIFT_VERSION = 5.0;
				TARGETED_DEVICE_FAMILY = "1,2";
			};
			name = Debug;
		};
		86D1FE3F2C640C0C0021DACB /* Release */ = {
			isa = XCBuildConfiguration;
			buildSettings = {
				BUILD_LIBRARY_FOR_DISTRIBUTION = YES;
				CODE_SIGN_STYLE = Automatic;
				CURRENT_PROJECT_VERSION = 1;
				DEFINES_MODULE = YES;
				DEVELOPMENT_TEAM = NJPBMLUKW5;
				DYLIB_COMPATIBILITY_VERSION = 1;
				DYLIB_CURRENT_VERSION = 1;
				DYLIB_INSTALL_NAME_BASE = "@rpath";
				ENABLE_MODULE_VERIFIER = YES;
				GENERATE_INFOPLIST_FILE = YES;
				INFOPLIST_KEY_NSHumanReadableCopyright = "";
				INSTALL_PATH = "$(LOCAL_LIBRARY_DIR)/Frameworks";
				LD_RUNPATH_SEARCH_PATHS = (
					"$(inherited)",
					"@executable_path/Frameworks",
					"@loader_path/Frameworks",
				);
				MARKETING_VERSION = 1.0;
				MODULE_VERIFIER_SUPPORTED_LANGUAGES = "objective-c objective-c++";
				MODULE_VERIFIER_SUPPORTED_LANGUAGE_STANDARDS = "gnu17 gnu++20";
				PRODUCT_BUNDLE_IDENTIFIER = com.sachin.CoreLibrary;
				PRODUCT_NAME = "$(TARGET_NAME:c99extidentifier)";
				SKIP_INSTALL = YES;
				SWIFT_EMIT_LOC_STRINGS = YES;
				SWIFT_INSTALL_OBJC_HEADER = NO;
				SWIFT_VERSION = 5.0;
				TARGETED_DEVICE_FAMILY = "1,2";
			};
			name = Release;
		};
		86D1FE412C640C0C0021DACB /* Debug */ = {
			isa = XCBuildConfiguration;
			buildSettings = {
				CODE_SIGN_STYLE = Automatic;
				CURRENT_PROJECT_VERSION = 1;
				DEVELOPMENT_TEAM = NJPBMLUKW5;
				GENERATE_INFOPLIST_FILE = YES;
				MARKETING_VERSION = 1.0;
				PRODUCT_BUNDLE_IDENTIFIER = com.sachin.CoreLibraryTests;
				PRODUCT_NAME = "$(TARGET_NAME)";
				SWIFT_EMIT_LOC_STRINGS = NO;
				SWIFT_VERSION = 5.0;
				TARGETED_DEVICE_FAMILY = "1,2";
			};
			name = Debug;
		};
		86D1FE422C640C0C0021DACB /* Release */ = {
			isa = XCBuildConfiguration;
			buildSettings = {
				CODE_SIGN_STYLE = Automatic;
				CURRENT_PROJECT_VERSION = 1;
				DEVELOPMENT_TEAM = NJPBMLUKW5;
				GENERATE_INFOPLIST_FILE = YES;
				MARKETING_VERSION = 1.0;
				PRODUCT_BUNDLE_IDENTIFIER = com.sachin.CoreLibraryTests;
				PRODUCT_NAME = "$(TARGET_NAME)";
				SWIFT_EMIT_LOC_STRINGS = NO;
				SWIFT_VERSION = 5.0;
				TARGETED_DEVICE_FAMILY = "1,2";
			};
			name = Release;
		};
/* End XCBuildConfiguration section */

/* Begin XCConfigurationList section */
		86D1FE232C640C0C0021DACB /* Build configuration list for PBXProject "CoreLibrary" */ = {
			isa = XCConfigurationList;
			buildConfigurations = (
				86D1FE3B2C640C0C0021DACB /* Debug */,
				86D1FE3C2C640C0C0021DACB /* Release */,
			);
			defaultConfigurationIsVisible = 0;
			defaultConfigurationName = Release;
		};
		86D1FE3D2C640C0C0021DACB /* Build configuration list for PBXNativeTarget "CoreLibrary" */ = {
			isa = XCConfigurationList;
			buildConfigurations = (
				86D1FE3E2C640C0C0021DACB /* Debug */,
				86D1FE3F2C640C0C0021DACB /* Release */,
			);
			defaultConfigurationIsVisible = 0;
			defaultConfigurationName = Release;
		};
		86D1FE402C640C0C0021DACB /* Build configuration list for PBXNativeTarget "CoreLibraryTests" */ = {
			isa = XCConfigurationList;
			buildConfigurations = (
				86D1FE412C640C0C0021DACB /* Debug */,
				86D1FE422C640C0C0021DACB /* Release */,
			);
			defaultConfigurationIsVisible = 0;
			defaultConfigurationName = Release;
		};
/* End XCConfigurationList section */
	};
	rootObject = 86D1FE202C640C0C0021DACB /* Project object */;
}
