// !$*UTF8*$!
{
	archiveVersion = 1;
	classes = {
	};
	objectVersion = 70;
	objects = {

/* Begin PBXBuildFile section */
		8682FB902C5983BB00F0BF4D /* TeammatesApp.swift in Sources */ = {isa = PBXBuildFile; fileRef = 8682FB8F2C5983BB00F0BF4D /* TeammatesApp.swift */; };
		8682FB922C5983BB00F0BF4D /* ContentView.swift in Sources */ = {isa = PBXBuildFile; fileRef = 8682FB912C5983BB00F0BF4D /* ContentView.swift */; };
		8682FB942C5983BE00F0BF4D /* Assets.xcassets in Resources */ = {isa = PBXBuildFile; fileRef = 8682FB932C5983BE00F0BF4D /* Assets.xcassets */; };
		8682FB972C5983BE00F0BF4D /* Preview Assets.xcassets in Resources */ = {isa = PBXBuildFile; fileRef = 8682FB962C5983BE00F0BF4D /* Preview Assets.xcassets */; };
		869097762CFF59DB00068E4A /* FirebaseAuth in Frameworks */ = {isa = PBXBuildFile; productRef = 869097752CFF59DB00068E4A /* FirebaseAuth */; };
		86DEBD442D1E8A5700EFD5E2 /* HomeView in Frameworks */ = {isa = PBXBuildFile; productRef = 86DEBD432D1E8A5700EFD5E2 /* HomeView */; };
		86DEBD4E2D1E8D1D00EFD5E2 /* GroupView in Frameworks */ = {isa = PBXBuildFile; productRef = 86DEBD4D2D1E8D1D00EFD5E2 /* GroupView */; };
		86DEBD532D1E920C00EFD5E2 /* GamesView in Frameworks */ = {isa = PBXBuildFile; productRef = 86DEBD522D1E920C00EFD5E2 /* GamesView */; };
		86DEBD5A2D1E948D00EFD5E2 /* SettingsView in Frameworks */ = {isa = PBXBuildFile; productRef = 86DEBD592D1E948D00EFD5E2 /* SettingsView */; };
		86FEE8C22CFA65F50010A1F4 /* FirebaseAnalytics in Frameworks */ = {isa = PBXBuildFile; productRef = 86FEE8C12CFA65F50010A1F4 /* FirebaseAnalytics */; };
		86FEE8C42CFA65F50010A1F4 /* FirebaseAnalyticsWithoutAdIdSupport in Frameworks */ = {isa = PBXBuildFile; productRef = 86FEE8C32CFA65F50010A1F4 /* FirebaseAnalyticsWithoutAdIdSupport */; };
/* End PBXBuildFile section */

/* Begin PBXFileReference section */
		8682FB8C2C5983BB00F0BF4D /* Teammates.app */ = {isa = PBXFileReference; explicitFileType = wrapper.application; includeInIndex = 0; path = Teammates.app; sourceTree = BUILT_PRODUCTS_DIR; };
		8682FB8F2C5983BB00F0BF4D /* TeammatesApp.swift */ = {isa = PBXFileReference; lastKnownFileType = sourcecode.swift; path = TeammatesApp.swift; sourceTree = "<group>"; };
		8682FB912C5983BB00F0BF4D /* ContentView.swift */ = {isa = PBXFileReference; lastKnownFileType = sourcecode.swift; path = ContentView.swift; sourceTree = "<group>"; };
		8682FB932C5983BE00F0BF4D /* Assets.xcassets */ = {isa = PBXFileReference; lastKnownFileType = folder.assetcatalog; path = Assets.xcassets; sourceTree = "<group>"; };
		8682FB962C5983BE00F0BF4D /* Preview Assets.xcassets */ = {isa = PBXFileReference; lastKnownFileType = folder.assetcatalog; path = "Preview Assets.xcassets"; sourceTree = "<group>"; };
/* End PBXFileReference section */

/* Begin PBXFileSystemSynchronizedRootGroup section */
		8603D2F22D16811400BD8CD3 /* FireBaseConfigs */ = {isa = PBXFileSystemSynchronizedRootGroup; explicitFileTypes = {}; explicitFolders = (); path = FireBaseConfigs; sourceTree = "<group>"; };
		86DEBD492D1E8C1800EFD5E2 /* modules */ = {isa = PBXFileSystemSynchronizedRootGroup; explicitFileTypes = {}; explicitFolders = (); path = modules; sourceTree = "<group>"; };
/* End PBXFileSystemSynchronizedRootGroup section */

/* Begin PBXFrameworksBuildPhase section */
		8682FB892C5983BB00F0BF4D /* Frameworks */ = {
			isa = PBXFrameworksBuildPhase;
			buildActionMask = 2147483647;
			files = (
				86DEBD4E2D1E8D1D00EFD5E2 /* GroupView in Frameworks */,
				86DEBD442D1E8A5700EFD5E2 /* HomeView in Frameworks */,
				86DEBD5A2D1E948D00EFD5E2 /* SettingsView in Frameworks */,
				86FEE8C22CFA65F50010A1F4 /* FirebaseAnalytics in Frameworks */,
				869097762CFF59DB00068E4A /* FirebaseAuth in Frameworks */,
				86FEE8C42CFA65F50010A1F4 /* FirebaseAnalyticsWithoutAdIdSupport in Frameworks */,
				86DEBD532D1E920C00EFD5E2 /* GamesView in Frameworks */,
			);
			runOnlyForDeploymentPostprocessing = 0;
		};
/* End PBXFrameworksBuildPhase section */

/* Begin PBXGroup section */
		8682FB832C5983BB00F0BF4D = {
			isa = PBXGroup;
			children = (
				86DEBD492D1E8C1800EFD5E2 /* modules */,
				8682FB8E2C5983BB00F0BF4D /* Teammates */,
				869097742CFF59DB00068E4A /* Frameworks */,
				8682FB8D2C5983BB00F0BF4D /* Products */,
			);
			sourceTree = "<group>";
		};
		8682FB8D2C5983BB00F0BF4D /* Products */ = {
			isa = PBXGroup;
			children = (
				8682FB8C2C5983BB00F0BF4D /* Teammates.app */,
			);
			name = Products;
			sourceTree = "<group>";
		};
		8682FB8E2C5983BB00F0BF4D /* Teammates */ = {
			isa = PBXGroup;
			children = (
				8603D2F22D16811400BD8CD3 /* FireBaseConfigs */,
				8682FB8F2C5983BB00F0BF4D /* TeammatesApp.swift */,
				8682FB912C5983BB00F0BF4D /* ContentView.swift */,
				8682FB932C5983BE00F0BF4D /* Assets.xcassets */,
				8682FB952C5983BE00F0BF4D /* Preview Content */,
			);
			path = Teammates;
			sourceTree = "<group>";
		};
		8682FB952C5983BE00F0BF4D /* Preview Content */ = {
			isa = PBXGroup;
			children = (
				8682FB962C5983BE00F0BF4D /* Preview Assets.xcassets */,
			);
			path = "Preview Content";
			sourceTree = "<group>";
		};
		869097742CFF59DB00068E4A /* Frameworks */ = {
			isa = PBXGroup;
			children = (
			);
			name = Frameworks;
			sourceTree = "<group>";
		};
/* End PBXGroup section */

/* Begin PBXNativeTarget section */
		8682FB8B2C5983BB00F0BF4D /* Teammates */ = {
			isa = PBXNativeTarget;
			buildConfigurationList = 8682FB9A2C5983BE00F0BF4D /* Build configuration list for PBXNativeTarget "Teammates" */;
			buildPhases = (
				8682FB882C5983BB00F0BF4D /* Sources */,
				8682FB892C5983BB00F0BF4D /* Frameworks */,
				8682FB8A2C5983BB00F0BF4D /* Resources */,
			);
			buildRules = (
			);
			dependencies = (
			);
			fileSystemSynchronizedGroups = (
				8603D2F22D16811400BD8CD3 /* FireBaseConfigs */,
			);
			name = Teammates;
			productName = Teammates;
			productReference = 8682FB8C2C5983BB00F0BF4D /* Teammates.app */;
			productType = "com.apple.product-type.application";
		};
/* End PBXNativeTarget section */

/* Begin PBXProject section */
		8682FB842C5983BB00F0BF4D /* Project object */ = {
			isa = PBXProject;
			attributes = {
				BuildIndependentTargetsInParallel = 1;
				LastSwiftUpdateCheck = 1530;
				LastUpgradeCheck = 1530;
				TargetAttributes = {
					8682FB8B2C5983BB00F0BF4D = {
						CreatedOnToolsVersion = 15.3;
					};
				};
			};
			buildConfigurationList = 8682FB872C5983BB00F0BF4D /* Build configuration list for PBXProject "Teammates" */;
			compatibilityVersion = "Xcode 14.0";
			developmentRegion = en;
			hasScannedForEncodings = 0;
			knownRegions = (
				en,
				Base,
			);
			mainGroup = 8682FB832C5983BB00F0BF4D;
			packageReferences = (
				86FEE8C02CFA65F50010A1F4 /* XCRemoteSwiftPackageReference "firebase-ios-sdk" */,
			);
			productRefGroup = 8682FB8D2C5983BB00F0BF4D /* Products */;
			projectDirPath = "";
			projectRoot = "";
			targets = (
				8682FB8B2C5983BB00F0BF4D /* Teammates */,
			);
		};
/* End PBXProject section */

/* Begin PBXResourcesBuildPhase section */
		8682FB8A2C5983BB00F0BF4D /* Resources */ = {
			isa = PBXResourcesBuildPhase;
			buildActionMask = 2147483647;
			files = (
				8682FB972C5983BE00F0BF4D /* Preview Assets.xcassets in Resources */,
				8682FB942C5983BE00F0BF4D /* Assets.xcassets in Resources */,
			);
			runOnlyForDeploymentPostprocessing = 0;
		};
/* End PBXResourcesBuildPhase section */

/* Begin PBXSourcesBuildPhase section */
		8682FB882C5983BB00F0BF4D /* Sources */ = {
			isa = PBXSourcesBuildPhase;
			buildActionMask = 2147483647;
			files = (
				8682FB922C5983BB00F0BF4D /* ContentView.swift in Sources */,
				8682FB902C5983BB00F0BF4D /* TeammatesApp.swift in Sources */,
			);
			runOnlyForDeploymentPostprocessing = 0;
		};
/* End PBXSourcesBuildPhase section */

/* Begin XCBuildConfiguration section */
		8682FB982C5983BE00F0BF4D /* Debug */ = {
			isa = XCBuildConfiguration;
			buildSettings = {
				ALWAYS_SEARCH_USER_PATHS = NO;
				ASSETCATALOG_COMPILER_GENERATE_SWIFT_ASSET_SYMBOL_EXTENSIONS = YES;
				CLANG_ANALYZER_NONNULL = YES;
				CLANG_ANALYZER_NUMBER_OBJECT_CONVERSION = YES_AGGRESSIVE;
				CLANG_CXX_LANGUAGE_STANDARD = "gnu++20";
				CLANG_ENABLE_MODULES = YES;
				CLANG_ENABLE_OBJC_ARC = YES;
				CLANG_ENABLE_OBJC_WEAK = YES;
				CLANG_WARN_BLOCK_CAPTURE_AUTORELEASING = YES;
				CLANG_WARN_BOOL_CONVERSION = YES;
				CLANG_WARN_COMMA = YES;
				CLANG_WARN_CONSTANT_CONVERSION = YES;
				CLANG_WARN_DEPRECATED_OBJC_IMPLEMENTATIONS = YES;
				CLANG_WARN_DIRECT_OBJC_ISA_USAGE = YES_ERROR;
				CLANG_WARN_DOCUMENTATION_COMMENTS = YES;
				CLANG_WARN_EMPTY_BODY = YES;
				CLANG_WARN_ENUM_CONVERSION = YES;
				CLANG_WARN_INFINITE_RECURSION = YES;
				CLANG_WARN_INT_CONVERSION = YES;
				CLANG_WARN_NON_LITERAL_NULL_CONVERSION = YES;
				CLANG_WARN_OBJC_IMPLICIT_RETAIN_SELF = YES;
				CLANG_WARN_OBJC_LITERAL_CONVERSION = YES;
				CLANG_WARN_OBJC_ROOT_CLASS = YES_ERROR;
				CLANG_WARN_QUOTED_INCLUDE_IN_FRAMEWORK_HEADER = YES;
				CLANG_WARN_RANGE_LOOP_ANALYSIS = YES;
				CLANG_WARN_STRICT_PROTOTYPES = YES;
				CLANG_WARN_SUSPICIOUS_MOVE = YES;
				CLANG_WARN_UNGUARDED_AVAILABILITY = YES_AGGRESSIVE;
				CLANG_WARN_UNREACHABLE_CODE = YES;
				CLANG_WARN__DUPLICATE_METHOD_MATCH = YES;
				COPY_PHASE_STRIP = NO;
				DEBUG_INFORMATION_FORMAT = dwarf;
				ENABLE_STRICT_OBJC_MSGSEND = YES;
				ENABLE_TESTABILITY = YES;
				ENABLE_USER_SCRIPT_SANDBOXING = YES;
				GCC_C_LANGUAGE_STANDARD = gnu17;
				GCC_DYNAMIC_NO_PIC = NO;
				GCC_NO_COMMON_BLOCKS = YES;
				GCC_OPTIMIZATION_LEVEL = 0;
				GCC_PREPROCESSOR_DEFINITIONS = (
					"DEBUG=1",
					"$(inherited)",
				);
				GCC_WARN_64_TO_32_BIT_CONVERSION = YES;
				GCC_WARN_ABOUT_RETURN_TYPE = YES_ERROR;
				GCC_WARN_UNDECLARED_SELECTOR = YES;
				GCC_WARN_UNINITIALIZED_AUTOS = YES_AGGRESSIVE;
				GCC_WARN_UNUSED_FUNCTION = YES;
				GCC_WARN_UNUSED_VARIABLE = YES;
				IPHONEOS_DEPLOYMENT_TARGET = 17.4;
				LOCALIZATION_PREFERS_STRING_CATALOGS = YES;
				MTL_ENABLE_DEBUG_INFO = INCLUDE_SOURCE;
				MTL_FAST_MATH = YES;
				ONLY_ACTIVE_ARCH = YES;
				SDKROOT = iphoneos;
				SWIFT_ACTIVE_COMPILATION_CONDITIONS = "DEBUG $(inherited)";
				SWIFT_OPTIMIZATION_LEVEL = "-Onone";
			};
			name = Debug;
		};
		8682FB992C5983BE00F0BF4D /* Release */ = {
			isa = XCBuildConfiguration;
			buildSettings = {
				ALWAYS_SEARCH_USER_PATHS = NO;
				ASSETCATALOG_COMPILER_GENERATE_SWIFT_ASSET_SYMBOL_EXTENSIONS = YES;
				CLANG_ANALYZER_NONNULL = YES;
				CLANG_ANALYZER_NUMBER_OBJECT_CONVERSION = YES_AGGRESSIVE;
				CLANG_CXX_LANGUAGE_STANDARD = "gnu++20";
				CLANG_ENABLE_MODULES = YES;
				CLANG_ENABLE_OBJC_ARC = YES;
				CLANG_ENABLE_OBJC_WEAK = YES;
				CLANG_WARN_BLOCK_CAPTURE_AUTORELEASING = YES;
				CLANG_WARN_BOOL_CONVERSION = YES;
				CLANG_WARN_COMMA = YES;
				CLANG_WARN_CONSTANT_CONVERSION = YES;
				CLANG_WARN_DEPRECATED_OBJC_IMPLEMENTATIONS = YES;
				CLANG_WARN_DIRECT_OBJC_ISA_USAGE = YES_ERROR;
				CLANG_WARN_DOCUMENTATION_COMMENTS = YES;
				CLANG_WARN_EMPTY_BODY = YES;
				CLANG_WARN_ENUM_CONVERSION = YES;
				CLANG_WARN_INFINITE_RECURSION = YES;
				CLANG_WARN_INT_CONVERSION = YES;
				CLANG_WARN_NON_LITERAL_NULL_CONVERSION = YES;
				CLANG_WARN_OBJC_IMPLICIT_RETAIN_SELF = YES;
				CLANG_WARN_OBJC_LITERAL_CONVERSION = YES;
				CLANG_WARN_OBJC_ROOT_CLASS = YES_ERROR;
				CLANG_WARN_QUOTED_INCLUDE_IN_FRAMEWORK_HEADER = YES;
				CLANG_WARN_RANGE_LOOP_ANALYSIS = YES;
				CLANG_WARN_STRICT_PROTOTYPES = YES;
				CLANG_WARN_SUSPICIOUS_MOVE = YES;
				CLANG_WARN_UNGUARDED_AVAILABILITY = YES_AGGRESSIVE;
				CLANG_WARN_UNREACHABLE_CODE = YES;
				CLANG_WARN__DUPLICATE_METHOD_MATCH = YES;
				COPY_PHASE_STRIP = NO;
				DEBUG_INFORMATION_FORMAT = "dwarf-with-dsym";
				ENABLE_NS_ASSERTIONS = NO;
				ENABLE_STRICT_OBJC_MSGSEND = YES;
				ENABLE_USER_SCRIPT_SANDBOXING = YES;
				GCC_C_LANGUAGE_STANDARD = gnu17;
				GCC_NO_COMMON_BLOCKS = YES;
				GCC_WARN_64_TO_32_BIT_CONVERSION = YES;
				GCC_WARN_ABOUT_RETURN_TYPE = YES_ERROR;
				GCC_WARN_UNDECLARED_SELECTOR = YES;
				GCC_WARN_UNINITIALIZED_AUTOS = YES_AGGRESSIVE;
				GCC_WARN_UNUSED_FUNCTION = YES;
				GCC_WARN_UNUSED_VARIABLE = YES;
				IPHONEOS_DEPLOYMENT_TARGET = 17.4;
				LOCALIZATION_PREFERS_STRING_CATALOGS = YES;
				MTL_ENABLE_DEBUG_INFO = NO;
				MTL_FAST_MATH = YES;
				SDKROOT = iphoneos;
				SWIFT_COMPILATION_MODE = wholemodule;
				VALIDATE_PRODUCT = YES;
			};
			name = Release;
		};
		8682FB9B2C5983BE00F0BF4D /* Debug */ = {
			isa = XCBuildConfiguration;
			buildSettings = {
				ASSETCATALOG_COMPILER_APPICON_NAME = AppIcon;
				ASSETCATALOG_COMPILER_GLOBAL_ACCENT_COLOR_NAME = AccentColor;
				CODE_SIGN_STYLE = Automatic;
				CURRENT_PROJECT_VERSION = 1;
				DEVELOPMENT_ASSET_PATHS = "\"Teammates/Preview Content\"";
				DEVELOPMENT_TEAM = NJPBMLUKW5;
				ENABLE_PREVIEWS = YES;
				GENERATE_INFOPLIST_FILE = YES;
				INFOPLIST_KEY_UIApplicationSceneManifest_Generation = YES;
				INFOPLIST_KEY_UIApplicationSupportsIndirectInputEvents = YES;
				INFOPLIST_KEY_UILaunchScreen_Generation = YES;
				INFOPLIST_KEY_UISupportedInterfaceOrientations_iPad = "UIInterfaceOrientationPortrait UIInterfaceOrientationPortraitUpsideDown UIInterfaceOrientationLandscapeLeft UIInterfaceOrientationLandscapeRight";
				INFOPLIST_KEY_UISupportedInterfaceOrientations_iPhone = "UIInterfaceOrientationPortrait UIInterfaceOrientationLandscapeLeft UIInterfaceOrientationLandscapeRight";
				LD_RUNPATH_SEARCH_PATHS = (
					"$(inherited)",
					"@executable_path/Frameworks",
				);
				MARKETING_VERSION = 1.0;
				PRODUCT_BUNDLE_IDENTIFIER = com.sachin.Teammates;
				PRODUCT_NAME = "$(TARGET_NAME)";
				SWIFT_EMIT_LOC_STRINGS = YES;
				SWIFT_VERSION = 5.0;
				TARGETED_DEVICE_FAMILY = "1,2";
			};
			name = Debug;
		};
		8682FB9C2C5983BE00F0BF4D /* Release */ = {
			isa = XCBuildConfiguration;
			buildSettings = {
				ASSETCATALOG_COMPILER_APPICON_NAME = AppIcon;
				ASSETCATALOG_COMPILER_GLOBAL_ACCENT_COLOR_NAME = AccentColor;
				CODE_SIGN_STYLE = Automatic;
				CURRENT_PROJECT_VERSION = 1;
				DEVELOPMENT_ASSET_PATHS = "\"Teammates/Preview Content\"";
				DEVELOPMENT_TEAM = NJPBMLUKW5;
				ENABLE_PREVIEWS = YES;
				GENERATE_INFOPLIST_FILE = YES;
				INFOPLIST_KEY_UIApplicationSceneManifest_Generation = YES;
				INFOPLIST_KEY_UIApplicationSupportsIndirectInputEvents = YES;
				INFOPLIST_KEY_UILaunchScreen_Generation = YES;
				INFOPLIST_KEY_UISupportedInterfaceOrientations_iPad = "UIInterfaceOrientationPortrait UIInterfaceOrientationPortraitUpsideDown UIInterfaceOrientationLandscapeLeft UIInterfaceOrientationLandscapeRight";
				INFOPLIST_KEY_UISupportedInterfaceOrientations_iPhone = "UIInterfaceOrientationPortrait UIInterfaceOrientationLandscapeLeft UIInterfaceOrientationLandscapeRight";
				LD_RUNPATH_SEARCH_PATHS = (
					"$(inherited)",
					"@executable_path/Frameworks",
				);
				MARKETING_VERSION = 1.0;
				PRODUCT_BUNDLE_IDENTIFIER = com.sachin.Teammates;
				PRODUCT_NAME = "$(TARGET_NAME)";
				SWIFT_EMIT_LOC_STRINGS = YES;
				SWIFT_VERSION = 5.0;
				TARGETED_DEVICE_FAMILY = "1,2";
			};
			name = Release;
		};
/* End XCBuildConfiguration section */

/* Begin XCConfigurationList section */
		8682FB872C5983BB00F0BF4D /* Build configuration list for PBXProject "Teammates" */ = {
			isa = XCConfigurationList;
			buildConfigurations = (
				8682FB982C5983BE00F0BF4D /* Debug */,
				8682FB992C5983BE00F0BF4D /* Release */,
			);
			defaultConfigurationIsVisible = 0;
			defaultConfigurationName = Release;
		};
		8682FB9A2C5983BE00F0BF4D /* Build configuration list for PBXNativeTarget "Teammates" */ = {
			isa = XCConfigurationList;
			buildConfigurations = (
				8682FB9B2C5983BE00F0BF4D /* Debug */,
				8682FB9C2C5983BE00F0BF4D /* Release */,
			);
			defaultConfigurationIsVisible = 0;
			defaultConfigurationName = Release;
		};
/* End XCConfigurationList section */

/* Begin XCRemoteSwiftPackageReference section */
		86FEE8C02CFA65F50010A1F4 /* XCRemoteSwiftPackageReference "firebase-ios-sdk" */ = {
			isa = XCRemoteSwiftPackageReference;
			repositoryURL = "https://github.com/firebase/firebase-ios-sdk";
			requirement = {
				kind = upToNextMajorVersion;
				minimumVersion = 11.5.0;
			};
		};
/* End XCRemoteSwiftPackageReference section */

/* Begin XCSwiftPackageProductDependency section */
		869097752CFF59DB00068E4A /* FirebaseAuth */ = {
			isa = XCSwiftPackageProductDependency;
			package = 86FEE8C02CFA65F50010A1F4 /* XCRemoteSwiftPackageReference "firebase-ios-sdk" */;
			productName = FirebaseAuth;
		};
		86DEBD432D1E8A5700EFD5E2 /* HomeView */ = {
			isa = XCSwiftPackageProductDependency;
			productName = HomeView;
		};
		86DEBD4D2D1E8D1D00EFD5E2 /* GroupView */ = {
			isa = XCSwiftPackageProductDependency;
			productName = GroupView;
		};
		86DEBD522D1E920C00EFD5E2 /* GamesView */ = {
			isa = XCSwiftPackageProductDependency;
			productName = GamesView;
		};
		86DEBD592D1E948D00EFD5E2 /* SettingsView */ = {
			isa = XCSwiftPackageProductDependency;
			productName = SettingsView;
		};
		86FEE8C12CFA65F50010A1F4 /* FirebaseAnalytics */ = {
			isa = XCSwiftPackageProductDependency;
			package = 86FEE8C02CFA65F50010A1F4 /* XCRemoteSwiftPackageReference "firebase-ios-sdk" */;
			productName = FirebaseAnalytics;
		};
		86FEE8C32CFA65F50010A1F4 /* FirebaseAnalyticsWithoutAdIdSupport */ = {
			isa = XCSwiftPackageProductDependency;
			package = 86FEE8C02CFA65F50010A1F4 /* XCRemoteSwiftPackageReference "firebase-ios-sdk" */;
			productName = FirebaseAnalyticsWithoutAdIdSupport;
		};
/* End XCSwiftPackageProductDependency section */
	};
	rootObject = 8682FB842C5983BB00F0BF4D /* Project object */;
}
